// !$*UTF8*$!
{
	archiveVersion = 1;
	classes = {
	};
	objectVersion = 46;
	objects = {

/* Begin PBXBuildFile section */
		9610006F1EE807A30026A30A /* main.c in Sources */ = {isa = PBXBuildFile; fileRef = 9610006E1EE807A30026A30A /* main.c */; };
		9610007A1EE80FE60026A30A /* main.c in Sources */ = {isa = PBXBuildFile; fileRef = 961000791EE80FE60026A30A /* main.c */; };
		961000851EE965C50026A30A /* main.c in Sources */ = {isa = PBXBuildFile; fileRef = 961000841EE965C50026A30A /* main.c */; };
		9610008A1EEA5E960026A30A /* KMP.cpp in Sources */ = {isa = PBXBuildFile; fileRef = 961000891EEA5E960026A30A /* KMP.cpp */; };
		96412C861EFBBAE0002DF237 /* 散列表查找.c in Sources */ = {isa = PBXBuildFile; fileRef = 96412C841EFBBAE0002DF237 /* 散列表查找.c */; };
		9667952B1EF79A790031DAE9 /* main.c in Sources */ = {isa = PBXBuildFile; fileRef = 9667952A1EF79A790031DAE9 /* main.c */; };
		966795311EF79A9A0031DAE9 /* 顺序查找.c in Sources */ = {isa = PBXBuildFile; fileRef = 9667952F1EF79A9A0031DAE9 /* 顺序查找.c */; };
		966795341EF79E550031DAE9 /* 折半查找.c in Sources */ = {isa = PBXBuildFile; fileRef = 966795321EF79E550031DAE9 /* 折半查找.c */; };
		966795371EF7ABD60031DAE9 /* 斐波那契查找.c in Sources */ = {isa = PBXBuildFile; fileRef = 966795351EF7ABD60031DAE9 /* 斐波那契查找.c */; };
		9667953A1EF7B9950031DAE9 /* 插值查找.c in Sources */ = {isa = PBXBuildFile; fileRef = 966795381EF7B9950031DAE9 /* 插值查找.c */; };
		9667953D1EF7D12B0031DAE9 /* 二叉排序树查找.c in Sources */ = {isa = PBXBuildFile; fileRef = 9667953B1EF7D12B0031DAE9 /* 二叉排序树查找.c */; };
		966795401EF91E2A0031DAE9 /* 平衡二叉树.c in Sources */ = {isa = PBXBuildFile; fileRef = 9667953E1EF91E2A0031DAE9 /* 平衡二叉树.c */; };
		96A0A3C61EFCF22E007B33E5 /* SelectSort.c in Sources */ = {isa = PBXBuildFile; fileRef = 96A0A3C51EFCF22E007B33E5 /* SelectSort.c */; };
		96A0A3C81EFCFC6C007B33E5 /* InsertSort.c in Sources */ = {isa = PBXBuildFile; fileRef = 96A0A3C71EFCFC6C007B33E5 /* InsertSort.c */; };
		96A0A3CA1EFD1FCF007B33E5 /* ShellSort.c in Sources */ = {isa = PBXBuildFile; fileRef = 96A0A3C91EFD1FCF007B33E5 /* ShellSort.c */; };
		96A0A3CC1F00E370007B33E5 /* HeapSort.c in Sources */ = {isa = PBXBuildFile; fileRef = 96A0A3CB1F00E370007B33E5 /* HeapSort.c */; };
		96A0A3CE1F00F013007B33E5 /* MergingSort.c in Sources */ = {isa = PBXBuildFile; fileRef = 96A0A3CD1F00F013007B33E5 /* MergingSort.c */; };
		96A2B9FD1EC2E88600AE0312 /* main.m in Sources */ = {isa = PBXBuildFile; fileRef = 96A2B9FC1EC2E88600AE0312 /* main.m */; };
		96A2BA0A1EC2E8C300AE0312 /* main.c in Sources */ = {isa = PBXBuildFile; fileRef = 96A2BA091EC2E8C300AE0312 /* main.c */; };
		96EB87531EFCBC5700C6C3A6 /* main.c in Sources */ = {isa = PBXBuildFile; fileRef = 96EB87521EFCBC5700C6C3A6 /* main.c */; };
		96EB87591EFCBDC900C6C3A6 /* BubbleSort.c in Sources */ = {isa = PBXBuildFile; fileRef = 96EB87581EFCBDC900C6C3A6 /* BubbleSort.c */; };
/* End PBXBuildFile section */

/* Begin PBXCopyFilesBuildPhase section */
		9610006A1EE807A30026A30A /* CopyFiles */ = {
			isa = PBXCopyFilesBuildPhase;
			buildActionMask = 2147483647;
			dstPath = /usr/share/man/man1/;
			dstSubfolderSpec = 0;
			files = (
			);
			runOnlyForDeploymentPostprocessing = 1;
		};
		961000751EE80FE60026A30A /* CopyFiles */ = {
			isa = PBXCopyFilesBuildPhase;
			buildActionMask = 2147483647;
			dstPath = /usr/share/man/man1/;
			dstSubfolderSpec = 0;
			files = (
			);
			runOnlyForDeploymentPostprocessing = 1;
		};
		961000801EE965C50026A30A /* CopyFiles */ = {
			isa = PBXCopyFilesBuildPhase;
			buildActionMask = 2147483647;
			dstPath = /usr/share/man/man1/;
			dstSubfolderSpec = 0;
			files = (
			);
			runOnlyForDeploymentPostprocessing = 1;
		};
		966795261EF79A780031DAE9 /* CopyFiles */ = {
			isa = PBXCopyFilesBuildPhase;
			buildActionMask = 2147483647;
			dstPath = /usr/share/man/man1/;
			dstSubfolderSpec = 0;
			files = (
			);
			runOnlyForDeploymentPostprocessing = 1;
		};
		96A2B9F71EC2E88600AE0312 /* CopyFiles */ = {
			isa = PBXCopyFilesBuildPhase;
			buildActionMask = 2147483647;
			dstPath = /usr/share/man/man1/;
			dstSubfolderSpec = 0;
			files = (
			);
			runOnlyForDeploymentPostprocessing = 1;
		};
		96A2BA051EC2E8C300AE0312 /* CopyFiles */ = {
			isa = PBXCopyFilesBuildPhase;
			buildActionMask = 2147483647;
			dstPath = /usr/share/man/man1/;
			dstSubfolderSpec = 0;
			files = (
			);
			runOnlyForDeploymentPostprocessing = 1;
		};
		96EB874E1EFCBC5600C6C3A6 /* Copy Files */ = {
			isa = PBXCopyFilesBuildPhase;
			buildActionMask = 2147483647;
			dstPath = /usr/share/man/man1/;
			dstSubfolderSpec = 0;
			files = (
			);
			name = "Copy Files";
			runOnlyForDeploymentPostprocessing = 1;
		};
/* End PBXCopyFilesBuildPhase section */

/* Begin PBXFileReference section */
		9610006C1EE807A30026A30A /* 二叉树 */ = {isa = PBXFileReference; explicitFileType = "compiled.mach-o.executable"; includeInIndex = 0; path = "二叉树"; sourceTree = BUILT_PRODUCTS_DIR; };
		9610006E1EE807A30026A30A /* main.c */ = {isa = PBXFileReference; lastKnownFileType = sourcecode.c.c; path = main.c; sourceTree = "<group>"; };
		961000771EE80FE60026A30A /* 线索二叉树 */ = {isa = PBXFileReference; explicitFileType = "compiled.mach-o.executable"; includeInIndex = 0; path = "线索二叉树"; sourceTree = BUILT_PRODUCTS_DIR; };
		961000791EE80FE60026A30A /* main.c */ = {isa = PBXFileReference; lastKnownFileType = sourcecode.c.c; path = main.c; sourceTree = "<group>"; };
		961000821EE965C50026A30A /* 图 */ = {isa = PBXFileReference; explicitFileType = "compiled.mach-o.executable"; includeInIndex = 0; path = "图"; sourceTree = BUILT_PRODUCTS_DIR; };
		961000841EE965C50026A30A /* main.c */ = {isa = PBXFileReference; lastKnownFileType = sourcecode.c.c; path = main.c; sourceTree = "<group>"; };
		961000891EEA5E960026A30A /* KMP.cpp */ = {isa = PBXFileReference; fileEncoding = 4; lastKnownFileType = sourcecode.cpp.cpp; name = KMP.cpp; path = ../KMP.cpp; sourceTree = "<group>"; };
		96412C841EFBBAE0002DF237 /* 散列表查找.c */ = {isa = PBXFileReference; fileEncoding = 4; lastKnownFileType = sourcecode.c.c; path = "散列表查找.c"; sourceTree = "<group>"; };
		96412C851EFBBAE0002DF237 /* 散列表查找.h */ = {isa = PBXFileReference; fileEncoding = 4; lastKnownFileType = sourcecode.c.h; path = "散列表查找.h"; sourceTree = "<group>"; };
		966795281EF79A780031DAE9 /* 查找 */ = {isa = PBXFileReference; explicitFileType = "compiled.mach-o.executable"; includeInIndex = 0; path = "查找"; sourceTree = BUILT_PRODUCTS_DIR; };
		9667952A1EF79A790031DAE9 /* main.c */ = {isa = PBXFileReference; lastKnownFileType = sourcecode.c.c; path = main.c; sourceTree = "<group>"; };
		9667952F1EF79A9A0031DAE9 /* 顺序查找.c */ = {isa = PBXFileReference; fileEncoding = 4; lastKnownFileType = sourcecode.c.c; path = "顺序查找.c"; sourceTree = "<group>"; };
		966795301EF79A9A0031DAE9 /* 顺序查找.h */ = {isa = PBXFileReference; fileEncoding = 4; lastKnownFileType = sourcecode.c.h; path = "顺序查找.h"; sourceTree = "<group>"; };
		966795321EF79E550031DAE9 /* 折半查找.c */ = {isa = PBXFileReference; fileEncoding = 4; lastKnownFileType = sourcecode.c.c; path = "折半查找.c"; sourceTree = "<group>"; };
		966795331EF79E550031DAE9 /* 折半查找.h */ = {isa = PBXFileReference; fileEncoding = 4; lastKnownFileType = sourcecode.c.h; path = "折半查找.h"; sourceTree = "<group>"; };
		966795351EF7ABD60031DAE9 /* 斐波那契查找.c */ = {isa = PBXFileReference; fileEncoding = 4; lastKnownFileType = sourcecode.c.c; path = "斐波那契查找.c"; sourceTree = "<group>"; };
		966795361EF7ABD60031DAE9 /* 斐波那契查找.h */ = {isa = PBXFileReference; fileEncoding = 4; lastKnownFileType = sourcecode.c.h; path = "斐波那契查找.h"; sourceTree = "<group>"; };
		966795381EF7B9950031DAE9 /* 插值查找.c */ = {isa = PBXFileReference; fileEncoding = 4; lastKnownFileType = sourcecode.c.c; path = "插值查找.c"; sourceTree = "<group>"; };
		966795391EF7B9950031DAE9 /* 插值查找.h */ = {isa = PBXFileReference; fileEncoding = 4; lastKnownFileType = sourcecode.c.h; path = "插值查找.h"; sourceTree = "<group>"; };
		9667953B1EF7D12B0031DAE9 /* 二叉排序树查找.c */ = {isa = PBXFileReference; fileEncoding = 4; lastKnownFileType = sourcecode.c.c; path = "二叉排序树查找.c"; sourceTree = "<group>"; };
		9667953C1EF7D12B0031DAE9 /* 二叉排序树查找.h */ = {isa = PBXFileReference; fileEncoding = 4; lastKnownFileType = sourcecode.c.h; path = "二叉排序树查找.h"; sourceTree = "<group>"; };
		9667953E1EF91E2A0031DAE9 /* 平衡二叉树.c */ = {isa = PBXFileReference; fileEncoding = 4; lastKnownFileType = sourcecode.c.c; path = "平衡二叉树.c"; sourceTree = "<group>"; };
		9667953F1EF91E2A0031DAE9 /* 平衡二叉树.h */ = {isa = PBXFileReference; fileEncoding = 4; lastKnownFileType = sourcecode.c.h; path = "平衡二叉树.h"; sourceTree = "<group>"; };
		96A0A3BF1EFCC618007B33E5 /* main.c */ = {isa = PBXFileReference; lastKnownFileType = sourcecode.c.c; path = main.c; sourceTree = "<group>"; };
		96A0A3C51EFCF22E007B33E5 /* SelectSort.c */ = {isa = PBXFileReference; fileEncoding = 4; lastKnownFileType = sourcecode.c.c; path = SelectSort.c; sourceTree = "<group>"; };
		96A0A3C71EFCFC6C007B33E5 /* InsertSort.c */ = {isa = PBXFileReference; fileEncoding = 4; lastKnownFileType = sourcecode.c.c; path = InsertSort.c; sourceTree = "<group>"; };
		96A0A3C91EFD1FCF007B33E5 /* ShellSort.c */ = {isa = PBXFileReference; fileEncoding = 4; lastKnownFileType = sourcecode.c.c; path = ShellSort.c; sourceTree = "<group>"; };
		96A0A3CB1F00E370007B33E5 /* HeapSort.c */ = {isa = PBXFileReference; fileEncoding = 4; lastKnownFileType = sourcecode.c.c; path = HeapSort.c; sourceTree = "<group>"; };
		96A0A3CD1F00F013007B33E5 /* MergingSort.c */ = {isa = PBXFileReference; fileEncoding = 4; lastKnownFileType = sourcecode.c.c; path = MergingSort.c; sourceTree = "<group>"; };
		96A2B9F91EC2E88600AE0312 /* 算法 */ = {isa = PBXFileReference; explicitFileType = "compiled.mach-o.executable"; includeInIndex = 0; path = "算法"; sourceTree = BUILT_PRODUCTS_DIR; };
		96A2B9FC1EC2E88600AE0312 /* main.m */ = {isa = PBXFileReference; lastKnownFileType = sourcecode.c.objc; path = main.m; sourceTree = "<group>"; };
		96A2BA071EC2E8C300AE0312 /* MaximumSubarray */ = {isa = PBXFileReference; explicitFileType = "compiled.mach-o.executable"; includeInIndex = 0; path = MaximumSubarray; sourceTree = BUILT_PRODUCTS_DIR; };
		96A2BA091EC2E8C300AE0312 /* main.c */ = {isa = PBXFileReference; lastKnownFileType = sourcecode.c.c; path = main.c; sourceTree = "<group>"; };
		96EB87501EFCBC5600C6C3A6 /* 排序 */ = {isa = PBXFileReference; explicitFileType = "compiled.mach-o.executable"; includeInIndex = 0; path = "排序"; sourceTree = BUILT_PRODUCTS_DIR; };
		96EB87521EFCBC5700C6C3A6 /* main.c */ = {isa = PBXFileReference; lastKnownFileType = sourcecode.c.c; path = main.c; sourceTree = "<group>"; };
		96EB87571EFCBC8800C6C3A6 /* StructHeader.h */ = {isa = PBXFileReference; fileEncoding = 4; lastKnownFileType = sourcecode.c.h; path = StructHeader.h; sourceTree = "<group>"; };
		96EB87581EFCBDC900C6C3A6 /* BubbleSort.c */ = {isa = PBXFileReference; fileEncoding = 4; lastKnownFileType = sourcecode.c.c; path = BubbleSort.c; sourceTree = "<group>"; };
/* End PBXFileReference section */

/* Begin PBXFrameworksBuildPhase section */
		961000691EE807A30026A30A /* Frameworks */ = {
			isa = PBXFrameworksBuildPhase;
			buildActionMask = 2147483647;
			files = (
			);
			runOnlyForDeploymentPostprocessing = 0;
		};
		961000741EE80FE60026A30A /* Frameworks */ = {
			isa = PBXFrameworksBuildPhase;
			buildActionMask = 2147483647;
			files = (
			);
			runOnlyForDeploymentPostprocessing = 0;
		};
		9610007F1EE965C50026A30A /* Frameworks */ = {
			isa = PBXFrameworksBuildPhase;
			buildActionMask = 2147483647;
			files = (
			);
			runOnlyForDeploymentPostprocessing = 0;
		};
		966795251EF79A780031DAE9 /* Frameworks */ = {
			isa = PBXFrameworksBuildPhase;
			buildActionMask = 2147483647;
			files = (
			);
			runOnlyForDeploymentPostprocessing = 0;
		};
		96A2B9F61EC2E88600AE0312 /* Frameworks */ = {
			isa = PBXFrameworksBuildPhase;
			buildActionMask = 2147483647;
			files = (
			);
			runOnlyForDeploymentPostprocessing = 0;
		};
		96A2BA041EC2E8C300AE0312 /* Frameworks */ = {
			isa = PBXFrameworksBuildPhase;
			buildActionMask = 2147483647;
			files = (
			);
			runOnlyForDeploymentPostprocessing = 0;
		};
		96EB874D1EFCBC5600C6C3A6 /* Frameworks */ = {
			isa = PBXFrameworksBuildPhase;
			buildActionMask = 2147483647;
			files = (
			);
			runOnlyForDeploymentPostprocessing = 0;
		};
/* End PBXFrameworksBuildPhase section */

/* Begin PBXGroup section */
		9610006D1EE807A30026A30A /* 二叉树 */ = {
			isa = PBXGroup;
			children = (
				9610006E1EE807A30026A30A /* main.c */,
			);
			path = "二叉树";
			sourceTree = "<group>";
		};
		961000781EE80FE60026A30A /* 线索二叉树 */ = {
			isa = PBXGroup;
			children = (
				961000791EE80FE60026A30A /* main.c */,
			);
			path = "线索二叉树";
			sourceTree = "<group>";
		};
		961000831EE965C50026A30A /* 图 */ = {
			isa = PBXGroup;
			children = (
				961000841EE965C50026A30A /* main.c */,
			);
			path = "图";
			sourceTree = "<group>";
		};
		966795291EF79A790031DAE9 /* 查找 */ = {
			isa = PBXGroup;
			children = (
				9667952A1EF79A790031DAE9 /* main.c */,
				966795301EF79A9A0031DAE9 /* 顺序查找.h */,
				9667952F1EF79A9A0031DAE9 /* 顺序查找.c */,
				966795331EF79E550031DAE9 /* 折半查找.h */,
				966795321EF79E550031DAE9 /* 折半查找.c */,
				966795391EF7B9950031DAE9 /* 插值查找.h */,
				966795381EF7B9950031DAE9 /* 插值查找.c */,
				966795361EF7ABD60031DAE9 /* 斐波那契查找.h */,
				966795351EF7ABD60031DAE9 /* 斐波那契查找.c */,
				9667953C1EF7D12B0031DAE9 /* 二叉排序树查找.h */,
				9667953B1EF7D12B0031DAE9 /* 二叉排序树查找.c */,
				9667953F1EF91E2A0031DAE9 /* 平衡二叉树.h */,
				9667953E1EF91E2A0031DAE9 /* 平衡二叉树.c */,
				96412C851EFBBAE0002DF237 /* 散列表查找.h */,
				96412C841EFBBAE0002DF237 /* 散列表查找.c */,
			);
			path = "查找";
			sourceTree = "<group>";
		};
		96A0A3BE1EFCC618007B33E5 /* test */ = {
			isa = PBXGroup;
			children = (
				96A0A3BF1EFCC618007B33E5 /* main.c */,
			);
			path = test;
			sourceTree = "<group>";
		};
		96A2B9F01EC2E88600AE0312 = {
			isa = PBXGroup;
			children = (
				96A2B9FB1EC2E88600AE0312 /* 算法 */,
				96A2BA081EC2E8C300AE0312 /* MaximumSubarray */,
				9610006D1EE807A30026A30A /* 二叉树 */,
				961000781EE80FE60026A30A /* 线索二叉树 */,
				961000831EE965C50026A30A /* 图 */,
				966795291EF79A790031DAE9 /* 查找 */,
				96EB87511EFCBC5700C6C3A6 /* 排序 */,
				96A0A3BE1EFCC618007B33E5 /* test */,
				96A2B9FA1EC2E88600AE0312 /* Products */,
			);
			sourceTree = "<group>";
		};
		96A2B9FA1EC2E88600AE0312 /* Products */ = {
			isa = PBXGroup;
			children = (
				96A2B9F91EC2E88600AE0312 /* 算法 */,
				96A2BA071EC2E8C300AE0312 /* MaximumSubarray */,
				9610006C1EE807A30026A30A /* 二叉树 */,
				961000771EE80FE60026A30A /* 线索二叉树 */,
				961000821EE965C50026A30A /* 图 */,
				966795281EF79A780031DAE9 /* 查找 */,
				96EB87501EFCBC5600C6C3A6 /* 排序 */,
			);
			name = Products;
			sourceTree = "<group>";
		};
		96A2B9FB1EC2E88600AE0312 /* 算法 */ = {
			isa = PBXGroup;
			children = (
				961000891EEA5E960026A30A /* KMP.cpp */,
				96A2B9FC1EC2E88600AE0312 /* main.m */,
			);
			path = "算法";
			sourceTree = "<group>";
		};
		96A2BA081EC2E8C300AE0312 /* MaximumSubarray */ = {
			isa = PBXGroup;
			children = (
				96A2BA091EC2E8C300AE0312 /* main.c */,
			);
			path = MaximumSubarray;
			sourceTree = "<group>";
		};
		96EB87511EFCBC5700C6C3A6 /* 排序 */ = {
			isa = PBXGroup;
			children = (
				96EB87521EFCBC5700C6C3A6 /* main.c */,
				96EB87571EFCBC8800C6C3A6 /* StructHeader.h */,
				96EB87581EFCBDC900C6C3A6 /* BubbleSort.c */,
				96A0A3C51EFCF22E007B33E5 /* SelectSort.c */,
				96A0A3C71EFCFC6C007B33E5 /* InsertSort.c */,
				96A0A3C91EFD1FCF007B33E5 /* ShellSort.c */,
				96A0A3CB1F00E370007B33E5 /* HeapSort.c */,
				96A0A3CD1F00F013007B33E5 /* MergingSort.c */,
			);
			path = "排序";
			sourceTree = "<group>";
		};
/* End PBXGroup section */

/* Begin PBXNativeTarget section */
		9610006B1EE807A30026A30A /* 二叉树 */ = {
			isa = PBXNativeTarget;
			buildConfigurationList = 961000721EE807A30026A30A /* Build configuration list for PBXNativeTarget "二叉树" */;
			buildPhases = (
				961000681EE807A30026A30A /* Sources */,
				961000691EE807A30026A30A /* Frameworks */,
				9610006A1EE807A30026A30A /* CopyFiles */,
			);
			buildRules = (
			);
			dependencies = (
			);
			name = "二叉树";
			productName = "二叉树";
			productReference = 9610006C1EE807A30026A30A /* 二叉树 */;
			productType = "com.apple.product-type.tool";
		};
		961000761EE80FE60026A30A /* 线索二叉树 */ = {
			isa = PBXNativeTarget;
			buildConfigurationList = 9610007B1EE80FE60026A30A /* Build configuration list for PBXNativeTarget "线索二叉树" */;
			buildPhases = (
				961000731EE80FE60026A30A /* Sources */,
				961000741EE80FE60026A30A /* Frameworks */,
				961000751EE80FE60026A30A /* CopyFiles */,
			);
			buildRules = (
			);
			dependencies = (
			);
			name = "线索二叉树";
			productName = "线索二叉树";
			productReference = 961000771EE80FE60026A30A /* 线索二叉树 */;
			productType = "com.apple.product-type.tool";
		};
		961000811EE965C50026A30A /* 图 */ = {
			isa = PBXNativeTarget;
			buildConfigurationList = 961000861EE965C50026A30A /* Build configuration list for PBXNativeTarget "图" */;
			buildPhases = (
				9610007E1EE965C50026A30A /* Sources */,
				9610007F1EE965C50026A30A /* Frameworks */,
				961000801EE965C50026A30A /* CopyFiles */,
			);
			buildRules = (
			);
			dependencies = (
			);
			name = "图";
			productName = "图";
			productReference = 961000821EE965C50026A30A /* 图 */;
			productType = "com.apple.product-type.tool";
		};
		966795271EF79A780031DAE9 /* 查找 */ = {
			isa = PBXNativeTarget;
			buildConfigurationList = 9667952E1EF79A790031DAE9 /* Build configuration list for PBXNativeTarget "查找" */;
			buildPhases = (
				966795241EF79A780031DAE9 /* Sources */,
				966795251EF79A780031DAE9 /* Frameworks */,
				966795261EF79A780031DAE9 /* CopyFiles */,
			);
			buildRules = (
			);
			dependencies = (
			);
			name = "查找";
			productName = "查找";
			productReference = 966795281EF79A780031DAE9 /* 查找 */;
			productType = "com.apple.product-type.tool";
		};
		96A2B9F81EC2E88600AE0312 /* 算法 */ = {
			isa = PBXNativeTarget;
			buildConfigurationList = 96A2BA001EC2E88600AE0312 /* Build configuration list for PBXNativeTarget "算法" */;
			buildPhases = (
				96A2B9F51EC2E88600AE0312 /* Sources */,
				96A2B9F61EC2E88600AE0312 /* Frameworks */,
				96A2B9F71EC2E88600AE0312 /* CopyFiles */,
			);
			buildRules = (
			);
			dependencies = (
			);
			name = "算法";
			productName = "算法";
			productReference = 96A2B9F91EC2E88600AE0312 /* 算法 */;
			productType = "com.apple.product-type.tool";
		};
		96A2BA061EC2E8C300AE0312 /* MaximumSubarray */ = {
			isa = PBXNativeTarget;
			buildConfigurationList = 96A2BA0B1EC2E8C300AE0312 /* Build configuration list for PBXNativeTarget "MaximumSubarray" */;
			buildPhases = (
				96A2BA031EC2E8C300AE0312 /* Sources */,
				96A2BA041EC2E8C300AE0312 /* Frameworks */,
				96A2BA051EC2E8C300AE0312 /* CopyFiles */,
			);
			buildRules = (
			);
			dependencies = (
			);
			name = MaximumSubarray;
			productName = MaximumSubarray;
			productReference = 96A2BA071EC2E8C300AE0312 /* MaximumSubarray */;
			productType = "com.apple.product-type.tool";
		};
		96EB874F1EFCBC5600C6C3A6 /* 排序 */ = {
			isa = PBXNativeTarget;
			buildConfigurationList = 96EB87561EFCBC5700C6C3A6 /* Build configuration list for PBXNativeTarget "排序" */;
			buildPhases = (
				96EB874C1EFCBC5600C6C3A6 /* Sources */,
				96EB874D1EFCBC5600C6C3A6 /* Frameworks */,
				96EB874E1EFCBC5600C6C3A6 /* Copy Files */,
			);
			buildRules = (
			);
			dependencies = (
			);
			name = "排序";
			productName = "排序";
			productReference = 96EB87501EFCBC5600C6C3A6 /* 排序 */;
			productType = "com.apple.product-type.tool";
		};
/* End PBXNativeTarget section */

/* Begin PBXProject section */
		96A2B9F11EC2E88600AE0312 /* Project object */ = {
			isa = PBXProject;
			attributes = {
				LastUpgradeCheck = 0830;
				ORGANIZATIONNAME = Jason;
				TargetAttributes = {
					9610006B1EE807A30026A30A = {
						CreatedOnToolsVersion = 8.3.2;
						DevelopmentTeam = E42H8LHVKT;
						ProvisioningStyle = Automatic;
					};
					961000761EE80FE60026A30A = {
						CreatedOnToolsVersion = 8.3.2;
						DevelopmentTeam = E42H8LHVKT;
						ProvisioningStyle = Automatic;
					};
					961000811EE965C50026A30A = {
						CreatedOnToolsVersion = 8.3.2;
						DevelopmentTeam = E42H8LHVKT;
						ProvisioningStyle = Automatic;
					};
					966795271EF79A780031DAE9 = {
						CreatedOnToolsVersion = 8.3.3;
						DevelopmentTeam = E42H8LHVKT;
						ProvisioningStyle = Automatic;
					};
					96A2B9F81EC2E88600AE0312 = {
						CreatedOnToolsVersion = 8.3.2;
						DevelopmentTeam = E42H8LHVKT;
						ProvisioningStyle = Automatic;
					};
					96A2BA061EC2E8C300AE0312 = {
						CreatedOnToolsVersion = 8.3.2;
						DevelopmentTeam = E42H8LHVKT;
						ProvisioningStyle = Automatic;
					};
					96EB874F1EFCBC5600C6C3A6 = {
						CreatedOnToolsVersion = 8.3.3;
						DevelopmentTeam = E42H8LHVKT;
						ProvisioningStyle = Automatic;
					};
				};
			};
			buildConfigurationList = 96A2B9F41EC2E88600AE0312 /* Build configuration list for PBXProject "算法" */;
			compatibilityVersion = "Xcode 3.2";
			developmentRegion = English;
			hasScannedForEncodings = 0;
			knownRegions = (
				en,
			);
			mainGroup = 96A2B9F01EC2E88600AE0312;
			productRefGroup = 96A2B9FA1EC2E88600AE0312 /* Products */;
			projectDirPath = "";
			projectRoot = "";
			targets = (
				96A2B9F81EC2E88600AE0312 /* 算法 */,
				96A2BA061EC2E8C300AE0312 /* MaximumSubarray */,
				9610006B1EE807A30026A30A /* 二叉树 */,
				961000761EE80FE60026A30A /* 线索二叉树 */,
				961000811EE965C50026A30A /* 图 */,
				966795271EF79A780031DAE9 /* 查找 */,
				96EB874F1EFCBC5600C6C3A6 /* 排序 */,
			);
		};
/* End PBXProject section */

/* Begin PBXSourcesBuildPhase section */
		961000681EE807A30026A30A /* Sources */ = {
			isa = PBXSourcesBuildPhase;
			buildActionMask = 2147483647;
			files = (
				9610006F1EE807A30026A30A /* main.c in Sources */,
			);
			runOnlyForDeploymentPostprocessing = 0;
		};
		961000731EE80FE60026A30A /* Sources */ = {
			isa = PBXSourcesBuildPhase;
			buildActionMask = 2147483647;
			files = (
				9610007A1EE80FE60026A30A /* main.c in Sources */,
			);
			runOnlyForDeploymentPostprocessing = 0;
		};
		9610007E1EE965C50026A30A /* Sources */ = {
			isa = PBXSourcesBuildPhase;
			buildActionMask = 2147483647;
			files = (
				961000851EE965C50026A30A /* main.c in Sources */,
			);
			runOnlyForDeploymentPostprocessing = 0;
		};
		966795241EF79A780031DAE9 /* Sources */ = {
			isa = PBXSourcesBuildPhase;
			buildActionMask = 2147483647;
			files = (
				9667953A1EF7B9950031DAE9 /* 插值查找.c in Sources */,
				9667952B1EF79A790031DAE9 /* main.c in Sources */,
				966795341EF79E550031DAE9 /* 折半查找.c in Sources */,
				966795371EF7ABD60031DAE9 /* 斐波那契查找.c in Sources */,
				9667953D1EF7D12B0031DAE9 /* 二叉排序树查找.c in Sources */,
				96412C861EFBBAE0002DF237 /* 散列表查找.c in Sources */,
				966795401EF91E2A0031DAE9 /* 平衡二叉树.c in Sources */,
				966795311EF79A9A0031DAE9 /* 顺序查找.c in Sources */,
			);
			runOnlyForDeploymentPostprocessing = 0;
		};
		96A2B9F51EC2E88600AE0312 /* Sources */ = {
			isa = PBXSourcesBuildPhase;
			buildActionMask = 2147483647;
			files = (
				9610008A1EEA5E960026A30A /* KMP.cpp in Sources */,
				96A2B9FD1EC2E88600AE0312 /* main.m in Sources */,
			);
			runOnlyForDeploymentPostprocessing = 0;
		};
		96A2BA031EC2E8C300AE0312 /* Sources */ = {
			isa = PBXSourcesBuildPhase;
			buildActionMask = 2147483647;
			files = (
				96A2BA0A1EC2E8C300AE0312 /* main.c in Sources */,
			);
			runOnlyForDeploymentPostprocessing = 0;
		};
		96EB874C1EFCBC5600C6C3A6 /* Sources */ = {
			isa = PBXSourcesBuildPhase;
			buildActionMask = 2147483647;
			files = (
				96EB87531EFCBC5700C6C3A6 /* main.c in Sources */,
				96A0A3CC1F00E370007B33E5 /* HeapSort.c in Sources */,
				96A0A3C61EFCF22E007B33E5 /* SelectSort.c in Sources */,
				96A0A3CE1F00F013007B33E5 /* MergingSort.c in Sources */,
				96A0A3CA1EFD1FCF007B33E5 /* ShellSort.c in Sources */,
				96A0A3C81EFCFC6C007B33E5 /* InsertSort.c in Sources */,
				96EB87591EFCBDC900C6C3A6 /* BubbleSort.c in Sources */,
			);
			runOnlyForDeploymentPostprocessing = 0;
		};
/* End PBXSourcesBuildPhase section */

/* Begin XCBuildConfiguration section */
		961000701EE807A30026A30A /* Debug */ = {
			isa = XCBuildConfiguration;
			buildSettings = {
				DEVELOPMENT_TEAM = E42H8LHVKT;
				PRODUCT_NAME = "$(TARGET_NAME)";
			};
			name = Debug;
		};
		961000711EE807A30026A30A /* Release */ = {
			isa = XCBuildConfiguration;
			buildSettings = {
				DEVELOPMENT_TEAM = E42H8LHVKT;
				PRODUCT_NAME = "$(TARGET_NAME)";
			};
			name = Release;
		};
		9610007C1EE80FE60026A30A /* Debug */ = {
			isa = XCBuildConfiguration;
			buildSettings = {
				DEVELOPMENT_TEAM = E42H8LHVKT;
				PRODUCT_NAME = "$(TARGET_NAME)";
			};
			name = Debug;
		};
		9610007D1EE80FE60026A30A /* Release */ = {
			isa = XCBuildConfiguration;
			buildSettings = {
				DEVELOPMENT_TEAM = E42H8LHVKT;
				PRODUCT_NAME = "$(TARGET_NAME)";
			};
			name = Release;
		};
		961000871EE965C50026A30A /* Debug */ = {
			isa = XCBuildConfiguration;
			buildSettings = {
				DEVELOPMENT_TEAM = E42H8LHVKT;
				PRODUCT_NAME = "$(TARGET_NAME)";
			};
			name = Debug;
		};
		961000881EE965C50026A30A /* Release */ = {
			isa = XCBuildConfiguration;
			buildSettings = {
				DEVELOPMENT_TEAM = E42H8LHVKT;
				PRODUCT_NAME = "$(TARGET_NAME)";
			};
			name = Release;
		};
		9667952C1EF79A790031DAE9 /* Debug */ = {
			isa = XCBuildConfiguration;
			buildSettings = {
				DEVELOPMENT_TEAM = E42H8LHVKT;
				MACOSX_DEPLOYMENT_TARGET = 10.12;
				PRODUCT_NAME = "$(TARGET_NAME)";
			};
			name = Debug;
		};
		9667952D1EF79A790031DAE9 /* Release */ = {
			isa = XCBuildConfiguration;
			buildSettings = {
				DEVELOPMENT_TEAM = E42H8LHVKT;
				MACOSX_DEPLOYMENT_TARGET = 10.12;
				PRODUCT_NAME = "$(TARGET_NAME)";
			};
			name = Release;
		};
		96A2B9FE1EC2E88600AE0312 /* Debug */ = {
			isa = XCBuildConfiguration;
			buildSettings = {
				ALWAYS_SEARCH_USER_PATHS = NO;
				CLANG_ANALYZER_NONNULL = YES;
				CLANG_ANALYZER_NUMBER_OBJECT_CONVERSION = YES_AGGRESSIVE;
				CLANG_CXX_LANGUAGE_STANDARD = "gnu++0x";
				CLANG_CXX_LIBRARY = "libc++";
				CLANG_ENABLE_MODULES = YES;
				CLANG_ENABLE_OBJC_ARC = YES;
				CLANG_WARN_BOOL_CONVERSION = YES;
				CLANG_WARN_CONSTANT_CONVERSION = YES;
				CLANG_WARN_DIRECT_OBJC_ISA_USAGE = YES_ERROR;
				CLANG_WARN_DOCUMENTATION_COMMENTS = YES;
				CLANG_WARN_EMPTY_BODY = YES;
				CLANG_WARN_ENUM_CONVERSION = YES;
				CLANG_WARN_INFINITE_RECURSION = YES;
				CLANG_WARN_INT_CONVERSION = YES;
				CLANG_WARN_OBJC_ROOT_CLASS = YES_ERROR;
				CLANG_WARN_SUSPICIOUS_MOVE = YES;
				CLANG_WARN_UNREACHABLE_CODE = YES;
				CLANG_WARN__DUPLICATE_METHOD_MATCH = YES;
				CODE_SIGN_IDENTITY = "-";
				COPY_PHASE_STRIP = NO;
				DEBUG_INFORMATION_FORMAT = dwarf;
				ENABLE_STRICT_OBJC_MSGSEND = YES;
				ENABLE_TESTABILITY = YES;
				GCC_C_LANGUAGE_STANDARD = gnu99;
				GCC_DYNAMIC_NO_PIC = NO;
				GCC_NO_COMMON_BLOCKS = YES;
				GCC_OPTIMIZATION_LEVEL = 0;
				GCC_PREPROCESSOR_DEFINITIONS = (
					"DEBUG=1",
					"$(inherited)",
				);
				GCC_WARN_64_TO_32_BIT_CONVERSION = YES;
				GCC_WARN_ABOUT_RETURN_TYPE = YES_ERROR;
				GCC_WARN_UNDECLARED_SELECTOR = YES;
				GCC_WARN_UNINITIALIZED_AUTOS = YES_AGGRESSIVE;
				GCC_WARN_UNUSED_FUNCTION = YES;
				GCC_WARN_UNUSED_VARIABLE = YES;
				MACOSX_DEPLOYMENT_TARGET = 10.12;
				MTL_ENABLE_DEBUG_INFO = YES;
				ONLY_ACTIVE_ARCH = YES;
				SDKROOT = macosx;
			};
			name = Debug;
		};
		96A2B9FF1EC2E88600AE0312 /* Release */ = {
			isa = XCBuildConfiguration;
			buildSettings = {
				ALWAYS_SEARCH_USER_PATHS = NO;
				CLANG_ANALYZER_NONNULL = YES;
				CLANG_ANALYZER_NUMBER_OBJECT_CONVERSION = YES_AGGRESSIVE;
				CLANG_CXX_LANGUAGE_STANDARD = "gnu++0x";
				CLANG_CXX_LIBRARY = "libc++";
				CLANG_ENABLE_MODULES = YES;
				CLANG_ENABLE_OBJC_ARC = YES;
				CLANG_WARN_BOOL_CONVERSION = YES;
				CLANG_WARN_CONSTANT_CONVERSION = YES;
				CLANG_WARN_DIRECT_OBJC_ISA_USAGE = YES_ERROR;
				CLANG_WARN_DOCUMENTATION_COMMENTS = YES;
				CLANG_WARN_EMPTY_BODY = YES;
				CLANG_WARN_ENUM_CONVERSION = YES;
				CLANG_WARN_INFINITE_RECURSION = YES;
				CLANG_WARN_INT_CONVERSION = YES;
				CLANG_WARN_OBJC_ROOT_CLASS = YES_ERROR;
				CLANG_WARN_SUSPICIOUS_MOVE = YES;
				CLANG_WARN_UNREACHABLE_CODE = YES;
				CLANG_WARN__DUPLICATE_METHOD_MATCH = YES;
				CODE_SIGN_IDENTITY = "-";
				COPY_PHASE_STRIP = NO;
				DEBUG_INFORMATION_FORMAT = "dwarf-with-dsym";
				ENABLE_NS_ASSERTIONS = NO;
				ENABLE_STRICT_OBJC_MSGSEND = YES;
				GCC_C_LANGUAGE_STANDARD = gnu99;
				GCC_NO_COMMON_BLOCKS = YES;
				GCC_WARN_64_TO_32_BIT_CONVERSION = YES;
				GCC_WARN_ABOUT_RETURN_TYPE = YES_ERROR;
				GCC_WARN_UNDECLARED_SELECTOR = YES;
				GCC_WARN_UNINITIALIZED_AUTOS = YES_AGGRESSIVE;
				GCC_WARN_UNUSED_FUNCTION = YES;
				GCC_WARN_UNUSED_VARIABLE = YES;
				MACOSX_DEPLOYMENT_TARGET = 10.12;
				MTL_ENABLE_DEBUG_INFO = NO;
				SDKROOT = macosx;
			};
			name = Release;
		};
		96A2BA011EC2E88600AE0312 /* Debug */ = {
			isa = XCBuildConfiguration;
			buildSettings = {
				DEVELOPMENT_TEAM = E42H8LHVKT;
				PRODUCT_NAME = "$(TARGET_NAME)";
			};
			name = Debug;
		};
		96A2BA021EC2E88600AE0312 /* Release */ = {
			isa = XCBuildConfiguration;
			buildSettings = {
				DEVELOPMENT_TEAM = E42H8LHVKT;
				PRODUCT_NAME = "$(TARGET_NAME)";
			};
			name = Release;
		};
		96A2BA0C1EC2E8C300AE0312 /* Debug */ = {
			isa = XCBuildConfiguration;
			buildSettings = {
				DEVELOPMENT_TEAM = E42H8LHVKT;
				PRODUCT_NAME = "$(TARGET_NAME)";
			};
			name = Debug;
		};
		96A2BA0D1EC2E8C300AE0312 /* Release */ = {
			isa = XCBuildConfiguration;
			buildSettings = {
				DEVELOPMENT_TEAM = E42H8LHVKT;
				PRODUCT_NAME = "$(TARGET_NAME)";
			};
			name = Release;
		};
		96EB87541EFCBC5700C6C3A6 /* Debug */ = {
			isa = XCBuildConfiguration;
			buildSettings = {
				COPY_HEADERS_RUN_UNIFDEF = NO;
				DEVELOPMENT_TEAM = E42H8LHVKT;
				MACOSX_DEPLOYMENT_TARGET = 10.12;
				PRODUCT_NAME = "$(TARGET_NAME)";
			};
			name = Debug;
		};
		96EB87551EFCBC5700C6C3A6 /* Release */ = {
			isa = XCBuildConfiguration;
			buildSettings = {
				COPY_HEADERS_RUN_UNIFDEF = NO;
				DEVELOPMENT_TEAM = E42H8LHVKT;
				MACOSX_DEPLOYMENT_TARGET = 10.12;
				PRODUCT_NAME = "$(TARGET_NAME)";
			};
			name = Release;
		};
/* End XCBuildConfiguration section */

/* Begin XCConfigurationList section */
		961000721EE807A30026A30A /* Build configuration list for PBXNativeTarget "二叉树" */ = {
			isa = XCConfigurationList;
			buildConfigurations = (
				961000701EE807A30026A30A /* Debug */,
				961000711EE807A30026A30A /* Release */,
			);
			defaultConfigurationIsVisible = 0;
			defaultConfigurationName = Release;
		};
		9610007B1EE80FE60026A30A /* Build configuration list for PBXNativeTarget "线索二叉树" */ = {
			isa = XCConfigurationList;
			buildConfigurations = (
				9610007C1EE80FE60026A30A /* Debug */,
				9610007D1EE80FE60026A30A /* Release */,
			);
			defaultConfigurationIsVisible = 0;
			defaultConfigurationName = Release;
		};
		961000861EE965C50026A30A /* Build configuration list for PBXNativeTarget "图" */ = {
			isa = XCConfigurationList;
			buildConfigurations = (
				961000871EE965C50026A30A /* Debug */,
				961000881EE965C50026A30A /* Release */,
			);
			defaultConfigurationIsVisible = 0;
			defaultConfigurationName = Release;
		};
		9667952E1EF79A790031DAE9 /* Build configuration list for PBXNativeTarget "查找" */ = {
			isa = XCConfigurationList;
			buildConfigurations = (
				9667952C1EF79A790031DAE9 /* Debug */,
				9667952D1EF79A790031DAE9 /* Release */,
			);
			defaultConfigurationIsVisible = 0;
			defaultConfigurationName = Release;
		};
		96A2B9F41EC2E88600AE0312 /* Build configuration list for PBXProject "算法" */ = {
			isa = XCConfigurationList;
			buildConfigurations = (
				96A2B9FE1EC2E88600AE0312 /* Debug */,
				96A2B9FF1EC2E88600AE0312 /* Release */,
			);
			defaultConfigurationIsVisible = 0;
			defaultConfigurationName = Release;
		};
		96A2BA001EC2E88600AE0312 /* Build configuration list for PBXNativeTarget "算法" */ = {
			isa = XCConfigurationList;
			buildConfigurations = (
				96A2BA011EC2E88600AE0312 /* Debug */,
				96A2BA021EC2E88600AE0312 /* Release */,
			);
			defaultConfigurationIsVisible = 0;
			defaultConfigurationName = Release;
		};
		96A2BA0B1EC2E8C300AE0312 /* Build configuration list for PBXNativeTarget "MaximumSubarray" */ = {
			isa = XCConfigurationList;
			buildConfigurations = (
				96A2BA0C1EC2E8C300AE0312 /* Debug */,
				96A2BA0D1EC2E8C300AE0312 /* Release */,
			);
			defaultConfigurationIsVisible = 0;
			defaultConfigurationName = Release;
		};
		96EB87561EFCBC5700C6C3A6 /* Build configuration list for PBXNativeTarget "排序" */ = {
			isa = XCConfigurationList;
			buildConfigurations = (
				96EB87541EFCBC5700C6C3A6 /* Debug */,
				96EB87551EFCBC5700C6C3A6 /* Release */,
			);
			defaultConfigurationIsVisible = 0;
			defaultConfigurationName = Release;
		};
/* End XCConfigurationList section */
	};
	rootObject = 96A2B9F11EC2E88600AE0312 /* Project object */;
}
